Microsoft Visual Studio Solution File, Format Version 12.00
# Visual Studio Version 17
VisualStudioVersion = 17.5.2.0
MinimumVisualStudioVersion = 10.0.40219.1
Project("{FAE04EC0-301F-11D3-BF4B-00C04F79EFBC}") = "jjagent", "jjagent.csproj", "{2EFC922F-F4FA-71FC-C9BF-F3493DF91322}"
EndProject
Global
	GlobalSection(SolutionConfigurationPlatforms) = preSolution
		Debug|Any CPU = Debug|Any CPU
		Release|Any CPU = Release|Any CPU
	EndGlobalSection
	GlobalSection(ProjectConfigurationPlatforms) = postSolution
		{2EFC922F-F4FA-71FC-C9BF-F3493DF91322}.Debug|Any CPU.ActiveCfg = Debug|Any CPU
		{2EFC922F-F4FA-71FC-C9BF-F3493DF91322}.Debug|Any CPU.Build.0 = Debug|Any CPU
		{2EFC922F-F4FA-71FC-C9BF-F3493DF91322}.Release|Any CPU.ActiveCfg = Release|Any CPU
		{2EFC922F-F4FA-71FC-C9BF-F3493DF91322}.Release|Any CPU.Build.0 = Release|Any CPU
	EndGlobalSection
	GlobalSection(SolutionProperties) = preSolution
		HideSolutionNode = FALSE
	EndGlobalSection
	GlobalSection(ExtensibilityGlobals) = postSolution
		SolutionGuid = {9F2C0EA4-3F32-4654-AB7F-2BE7F9D046E1}
	EndGlobalSection
EndGlobal
